
Microsoft Visual Studio Solution File, Format Version 12.00
# Visual Studio Version 16
VisualStudioVersion = 16.0.31729.503
MinimumVisualStudioVersion = 10.0.40219.1
Project("{FAE04EC0-301F-11D3-BF4B-00C04F79EFBC}") = "TPaper.Delivery", "TPaper.Delivery\TPaper.Delivery.csproj", "{1BCA4EC7-EE26-411D-9AF2-80F9880E47FB}"
EndProject
Global
	GlobalSection(SolutionConfigurationPlatforms) = preSolution
		Debug|Any CPU = Debug|Any CPU
		Release|Any CPU = Release|Any CPU
	EndGlobalSection
	GlobalSection(ProjectConfigurationPlatforms) = postSolution
		{1BCA4EC7-EE26-411D-9AF2-80F9880E47FB}.Debug|Any CPU.ActiveCfg = Debug|Any CPU
		{1BCA4EC7-EE26-411D-9AF2-80F9880E47FB}.Debug|Any CPU.Build.0 = Debug|Any CPU
		{1BCA4EC7-EE26-411D-9AF2-80F9880E47FB}.Release|Any CPU.ActiveCfg = Release|Any CPU
		{1BCA4EC7-EE26-411D-9AF2-80F9880E47FB}.Release|Any CPU.Build.0 = Release|Any CPU
	EndGlobalSection
	GlobalSection(SolutionProperties) = preSolution
		HideSolutionNode = FALSE
	EndGlobalSection
	GlobalSection(ExtensibilityGlobals) = postSolution
		SolutionGuid = {CFBC1A4E-36DE-4CEB-BD7B-56A8A5CCC856}
	EndGlobalSection
EndGlobal
